// !$*UTF8*$!
{
	archiveVersion = 1;
	classes = {
	};
	objectVersion = 55;
	objects = {

/* Begin PBXBuildFile section */
		1B40A3602893A6000015E206 /* realtime_chatApp.swift in Sources */ = {isa = PBXBuildFile; fileRef = 1B40A35F2893A6000015E206 /* realtime_chatApp.swift */; };
		1B40A3622893A6000015E206 /* LoginView.swift in Sources */ = {isa = PBXBuildFile; fileRef = 1B40A3612893A6000015E206 /* LoginView.swift */; };
		1B40A3642893A6020015E206 /* Assets.xcassets in Resources */ = {isa = PBXBuildFile; fileRef = 1B40A3632893A6020015E206 /* Assets.xcassets */; };
		1B40A3672893A6020015E206 /* Preview Assets.xcassets in Resources */ = {isa = PBXBuildFile; fileRef = 1B40A3662893A6020015E206 /* Preview Assets.xcassets */; };
		1B40A3712893A6020015E206 /* realtime_chatTests.swift in Sources */ = {isa = PBXBuildFile; fileRef = 1B40A3702893A6020015E206 /* realtime_chatTests.swift */; };
		1B40A37B2893A6020015E206 /* realtime_chatUITests.swift in Sources */ = {isa = PBXBuildFile; fileRef = 1B40A37A2893A6020015E206 /* realtime_chatUITests.swift */; };
		1B40A37D2893A6020015E206 /* realtime_chatUITestsLaunchTests.swift in Sources */ = {isa = PBXBuildFile; fileRef = 1B40A37C2893A6020015E206 /* realtime_chatUITestsLaunchTests.swift */; };
		1B40A38B289520900015E206 /* FirebaseAuth in Frameworks */ = {isa = PBXBuildFile; productRef = 1B40A38A289520900015E206 /* FirebaseAuth */; };
		1B40A38D289520900015E206 /* FirebaseStorage in Frameworks */ = {isa = PBXBuildFile; productRef = 1B40A38C289520900015E206 /* FirebaseStorage */; };
		1B40A3932896DB3C0015E206 /* GoogleService-Info.plist in Resources */ = {isa = PBXBuildFile; fileRef = 1B40A3922896DB3C0015E206 /* GoogleService-Info.plist */; };
		1B40A3972896E7E40015E206 /* ImagePicker.swift in Sources */ = {isa = PBXBuildFile; fileRef = 1B40A3962896E7E40015E206 /* ImagePicker.swift */; };
/* End PBXBuildFile section */

/* Begin PBXContainerItemProxy section */
		1B40A36D2893A6020015E206 /* PBXContainerItemProxy */ = {
			isa = PBXContainerItemProxy;
			containerPortal = 1B40A3542893A5FF0015E206 /* Project object */;
			proxyType = 1;
			remoteGlobalIDString = 1B40A35B2893A5FF0015E206;
			remoteInfo = realtime_chat;
		};
		1B40A3772893A6020015E206 /* PBXContainerItemProxy */ = {
			isa = PBXContainerItemProxy;
			containerPortal = 1B40A3542893A5FF0015E206 /* Project object */;
			proxyType = 1;
			remoteGlobalIDString = 1B40A35B2893A5FF0015E206;
			remoteInfo = realtime_chat;
		};
/* End PBXContainerItemProxy section */

/* Begin PBXFileReference section */
		1B40A35C2893A6000015E206 /* realtime_chat.app */ = {isa = PBXFileReference; explicitFileType = wrapper.application; includeInIndex = 0; path = realtime_chat.app; sourceTree = BUILT_PRODUCTS_DIR; };
		1B40A35F2893A6000015E206 /* realtime_chatApp.swift */ = {isa = PBXFileReference; lastKnownFileType = sourcecode.swift; path = realtime_chatApp.swift; sourceTree = "<group>"; };
		1B40A3612893A6000015E206 /* LoginView.swift */ = {isa = PBXFileReference; lastKnownFileType = sourcecode.swift; path = LoginView.swift; sourceTree = "<group>"; };
		1B40A3632893A6020015E206 /* Assets.xcassets */ = {isa = PBXFileReference; lastKnownFileType = folder.assetcatalog; path = Assets.xcassets; sourceTree = "<group>"; };
		1B40A3662893A6020015E206 /* Preview Assets.xcassets */ = {isa = PBXFileReference; lastKnownFileType = folder.assetcatalog; path = "Preview Assets.xcassets"; sourceTree = "<group>"; };
		1B40A36C2893A6020015E206 /* realtime_chatTests.xctest */ = {isa = PBXFileReference; explicitFileType = wrapper.cfbundle; includeInIndex = 0; path = realtime_chatTests.xctest; sourceTree = BUILT_PRODUCTS_DIR; };
		1B40A3702893A6020015E206 /* realtime_chatTests.swift */ = {isa = PBXFileReference; lastKnownFileType = sourcecode.swift; path = realtime_chatTests.swift; sourceTree = "<group>"; };
		1B40A3762893A6020015E206 /* realtime_chatUITests.xctest */ = {isa = PBXFileReference; explicitFileType = wrapper.cfbundle; includeInIndex = 0; path = realtime_chatUITests.xctest; sourceTree = BUILT_PRODUCTS_DIR; };
		1B40A37A2893A6020015E206 /* realtime_chatUITests.swift */ = {isa = PBXFileReference; lastKnownFileType = sourcecode.swift; path = realtime_chatUITests.swift; sourceTree = "<group>"; };
		1B40A37C2893A6020015E206 /* realtime_chatUITestsLaunchTests.swift */ = {isa = PBXFileReference; lastKnownFileType = sourcecode.swift; path = realtime_chatUITestsLaunchTests.swift; sourceTree = "<group>"; };
		1B40A3922896DB3C0015E206 /* GoogleService-Info.plist */ = {isa = PBXFileReference; fileEncoding = 4; lastKnownFileType = text.plist.xml; path = "GoogleService-Info.plist"; sourceTree = "<group>"; };
		1B40A3962896E7E40015E206 /* ImagePicker.swift */ = {isa = PBXFileReference; lastKnownFileType = sourcecode.swift; path = ImagePicker.swift; sourceTree = "<group>"; };
/* End PBXFileReference section */

/* Begin PBXFrameworksBuildPhase section */
		1B40A3592893A5FF0015E206 /* Frameworks */ = {
			isa = PBXFrameworksBuildPhase;
			buildActionMask = 2147483647;
			files = (
				1B40A38B289520900015E206 /* FirebaseAuth in Frameworks */,
				1B40A38D289520900015E206 /* FirebaseStorage in Frameworks */,
			);
			runOnlyForDeploymentPostprocessing = 0;
		};
		1B40A3692893A6020015E206 /* Frameworks */ = {
			isa = PBXFrameworksBuildPhase;
			buildActionMask = 2147483647;
			files = (
			);
			runOnlyForDeploymentPostprocessing = 0;
		};
		1B40A3732893A6020015E206 /* Frameworks */ = {
			isa = PBXFrameworksBuildPhase;
			buildActionMask = 2147483647;
			files = (
			);
			runOnlyForDeploymentPostprocessing = 0;
		};
/* End PBXFrameworksBuildPhase section */

/* Begin PBXGroup section */
		1B40A3532893A5FF0015E206 = {
			isa = PBXGroup;
			children = (
				1B40A35E2893A6000015E206 /* realtime_chat */,
				1B40A36F2893A6020015E206 /* realtime_chatTests */,
				1B40A3792893A6020015E206 /* realtime_chatUITests */,
				1B40A35D2893A6000015E206 /* Products */,
			);
			sourceTree = "<group>";
		};
		1B40A35D2893A6000015E206 /* Products */ = {
			isa = PBXGroup;
			children = (
				1B40A35C2893A6000015E206 /* realtime_chat.app */,
				1B40A36C2893A6020015E206 /* realtime_chatTests.xctest */,
				1B40A3762893A6020015E206 /* realtime_chatUITests.xctest */,
			);
			name = Products;
			sourceTree = "<group>";
		};
		1B40A35E2893A6000015E206 /* realtime_chat */ = {
			isa = PBXGroup;
			children = (
				1B40A35F2893A6000015E206 /* realtime_chatApp.swift */,
				1B40A3612893A6000015E206 /* LoginView.swift */,
				1B40A3922896DB3C0015E206 /* GoogleService-Info.plist */,
				1B40A3632893A6020015E206 /* Assets.xcassets */,
				1B40A3652893A6020015E206 /* Preview Content */,
				1B40A3962896E7E40015E206 /* ImagePicker.swift */,
			);
			path = realtime_chat;
			sourceTree = "<group>";
		};
		1B40A3652893A6020015E206 /* Preview Content */ = {
			isa = PBXGroup;
			children = (
				1B40A3662893A6020015E206 /* Preview Assets.xcassets */,
			);
			path = "Preview Content";
			sourceTree = "<group>";
		};
		1B40A36F2893A6020015E206 /* realtime_chatTests */ = {
			isa = PBXGroup;
			children = (
				1B40A3702893A6020015E206 /* realtime_chatTests.swift */,
			);
			path = realtime_chatTests;
			sourceTree = "<group>";
		};
		1B40A3792893A6020015E206 /* realtime_chatUITests */ = {
			isa = PBXGroup;
			children = (
				1B40A37A2893A6020015E206 /* realtime_chatUITests.swift */,
				1B40A37C2893A6020015E206 /* realtime_chatUITestsLaunchTests.swift */,
			);
			path = realtime_chatUITests;
			sourceTree = "<group>";
		};
/* End PBXGroup section */

/* Begin PBXNativeTarget section */
		1B40A35B2893A5FF0015E206 /* realtime_chat */ = {
			isa = PBXNativeTarget;
			buildConfigurationList = 1B40A3802893A6020015E206 /* Build configuration list for PBXNativeTarget "realtime_chat" */;
			buildPhases = (
				1B40A3582893A5FF0015E206 /* Sources */,
				1B40A3592893A5FF0015E206 /* Frameworks */,
				1B40A35A2893A5FF0015E206 /* Resources */,
			);
			buildRules = (
			);
			dependencies = (
			);
			name = realtime_chat;
			packageProductDependencies = (
				1B40A38A289520900015E206 /* FirebaseAuth */,
				1B40A38C289520900015E206 /* FirebaseStorage */,
			);
			productName = realtime_chat;
			productReference = 1B40A35C2893A6000015E206 /* realtime_chat.app */;
			productType = "com.apple.product-type.application";
		};
		1B40A36B2893A6020015E206 /* realtime_chatTests */ = {
			isa = PBXNativeTarget;
			buildConfigurationList = 1B40A3832893A6020015E206 /* Build configuration list for PBXNativeTarget "realtime_chatTests" */;
			buildPhases = (
				1B40A3682893A6020015E206 /* Sources */,
				1B40A3692893A6020015E206 /* Frameworks */,
				1B40A36A2893A6020015E206 /* Resources */,
			);
			buildRules = (
			);
			dependencies = (
				1B40A36E2893A6020015E206 /* PBXTargetDependency */,
			);
			name = realtime_chatTests;
			productName = realtime_chatTests;
			productReference = 1B40A36C2893A6020015E206 /* realtime_chatTests.xctest */;
			productType = "com.apple.product-type.bundle.unit-test";
		};
		1B40A3752893A6020015E206 /* realtime_chatUITests */ = {
			isa = PBXNativeTarget;
			buildConfigurationList = 1B40A3862893A6020015E206 /* Build configuration list for PBXNativeTarget "realtime_chatUITests" */;
			buildPhases = (
				1B40A3722893A6020015E206 /* Sources */,
				1B40A3732893A6020015E206 /* Frameworks */,
				1B40A3742893A6020015E206 /* Resources */,
			);
			buildRules = (
			);
			dependencies = (
				1B40A3782893A6020015E206 /* PBXTargetDependency */,
			);
			name = realtime_chatUITests;
			productName = realtime_chatUITests;
			productReference = 1B40A3762893A6020015E206 /* realtime_chatUITests.xctest */;
			productType = "com.apple.product-type.bundle.ui-testing";
		};
/* End PBXNativeTarget section */

/* Begin PBXProject section */
		1B40A3542893A5FF0015E206 /* Project object */ = {
			isa = PBXProject;
			attributes = {
				BuildIndependentTargetsInParallel = 1;
				LastSwiftUpdateCheck = 1340;
				LastUpgradeCheck = 1340;
				TargetAttributes = {
					1B40A35B2893A5FF0015E206 = {
						CreatedOnToolsVersion = 13.4.1;
					};
					1B40A36B2893A6020015E206 = {
						CreatedOnToolsVersion = 13.4.1;
						TestTargetID = 1B40A35B2893A5FF0015E206;
					};
					1B40A3752893A6020015E206 = {
						CreatedOnToolsVersion = 13.4.1;
						TestTargetID = 1B40A35B2893A5FF0015E206;
					};
				};
			};
			buildConfigurationList = 1B40A3572893A5FF0015E206 /* Build configuration list for PBXProject "realtime_chat" */;
			compatibilityVersion = "Xcode 13.0";
			developmentRegion = en;
			hasScannedForEncodings = 0;
			knownRegions = (
				en,
				Base,
			);
			mainGroup = 1B40A3532893A5FF0015E206;
			packageReferences = (
				1B40A389289520900015E206 /* XCRemoteSwiftPackageReference "firebase-ios-sdk" */,
			);
			productRefGroup = 1B40A35D2893A6000015E206 /* Products */;
			projectDirPath = "";
			projectRoot = "";
			targets = (
				1B40A35B2893A5FF0015E206 /* realtime_chat */,
				1B40A36B2893A6020015E206 /* realtime_chatTests */,
				1B40A3752893A6020015E206 /* realtime_chatUITests */,
			);
		};
/* End PBXProject section */

/* Begin PBXResourcesBuildPhase section */
		1B40A35A2893A5FF0015E206 /* Resources */ = {
			isa = PBXResourcesBuildPhase;
			buildActionMask = 2147483647;
			files = (
				1B40A3672893A6020015E206 /* Preview Assets.xcassets in Resources */,
				1B40A3642893A6020015E206 /* Assets.xcassets in Resources */,
				1B40A3932896DB3C0015E206 /* GoogleService-Info.plist in Resources */,
			);
			runOnlyForDeploymentPostprocessing = 0;
		};
		1B40A36A2893A6020015E206 /* Resources */ = {
			isa = PBXResourcesBuildPhase;
			buildActionMask = 2147483647;
			files = (
			);
			runOnlyForDeploymentPostprocessing = 0;
		};
		1B40A3742893A6020015E206 /* Resources */ = {
			isa = PBXResourcesBuildPhase;
			buildActionMask = 2147483647;
			files = (
			);
			runOnlyForDeploymentPostprocessing = 0;
		};
/* End PBXResourcesBuildPhase section */

/* Begin PBXSourcesBuildPhase section */
		1B40A3582893A5FF0015E206 /* Sources */ = {
			isa = PBXSourcesBuildPhase;
			buildActionMask = 2147483647;
			files = (
				1B40A3972896E7E40015E206 /* ImagePicker.swift in Sources */,
				1B40A3622893A6000015E206 /* LoginView.swift in Sources */,
				1B40A3602893A6000015E206 /* realtime_chatApp.swift in Sources */,
			);
			runOnlyForDeploymentPostprocessing = 0;
		};
		1B40A3682893A6020015E206 /* Sources */ = {
			isa = PBXSourcesBuildPhase;
			buildActionMask = 2147483647;
			files = (
				1B40A3712893A6020015E206 /* realtime_chatTests.swift in Sources */,
			);
			runOnlyForDeploymentPostprocessing = 0;
		};
		1B40A3722893A6020015E206 /* Sources */ = {
			isa = PBXSourcesBuildPhase;
			buildActionMask = 2147483647;
			files = (
				1B40A37B2893A6020015E206 /* realtime_chatUITests.swift in Sources */,
				1B40A37D2893A6020015E206 /* realtime_chatUITestsLaunchTests.swift in Sources */,
			);
			runOnlyForDeploymentPostprocessing = 0;
		};
/* End PBXSourcesBuildPhase section */

/* Begin PBXTargetDependency section */
		1B40A36E2893A6020015E206 /* PBXTargetDependency */ = {
			isa = PBXTargetDependency;
			target = 1B40A35B2893A5FF0015E206 /* realtime_chat */;
			targetProxy = 1B40A36D2893A6020015E206 /* PBXContainerItemProxy */;
		};
		1B40A3782893A6020015E206 /* PBXTargetDependency */ = {
			isa = PBXTargetDependency;
			target = 1B40A35B2893A5FF0015E206 /* realtime_chat */;
			targetProxy = 1B40A3772893A6020015E206 /* PBXContainerItemProxy */;
		};
/* End PBXTargetDependency section */

/* Begin XCBuildConfiguration section */
		1B40A37E2893A6020015E206 /* Debug */ = {
			isa = XCBuildConfiguration;
			buildSettings = {
				ALWAYS_SEARCH_USER_PATHS = NO;
				CLANG_ANALYZER_NONNULL = YES;
				CLANG_ANALYZER_NUMBER_OBJECT_CONVERSION = YES_AGGRESSIVE;
				CLANG_CXX_LANGUAGE_STANDARD = "gnu++17";
				CLANG_ENABLE_MODULES = YES;
				CLANG_ENABLE_OBJC_ARC = YES;
				CLANG_ENABLE_OBJC_WEAK = YES;
				CLANG_WARN_BLOCK_CAPTURE_AUTORELEASING = YES;
				CLANG_WARN_BOOL_CONVERSION = YES;
				CLANG_WARN_COMMA = YES;
				CLANG_WARN_CONSTANT_CONVERSION = YES;
				CLANG_WARN_DEPRECATED_OBJC_IMPLEMENTATIONS = YES;
				CLANG_WARN_DIRECT_OBJC_ISA_USAGE = YES_ERROR;
				CLANG_WARN_DOCUMENTATION_COMMENTS = YES;
				CLANG_WARN_EMPTY_BODY = YES;
				CLANG_WARN_ENUM_CONVERSION = YES;
				CLANG_WARN_INFINITE_RECURSION = YES;
				CLANG_WARN_INT_CONVERSION = YES;
				CLANG_WARN_NON_LITERAL_NULL_CONVERSION = YES;
				CLANG_WARN_OBJC_IMPLICIT_RETAIN_SELF = YES;
				CLANG_WARN_OBJC_LITERAL_CONVERSION = YES;
				CLANG_WARN_OBJC_ROOT_CLASS = YES_ERROR;
				CLANG_WARN_QUOTED_INCLUDE_IN_FRAMEWORK_HEADER = YES;
				CLANG_WARN_RANGE_LOOP_ANALYSIS = YES;
				CLANG_WARN_STRICT_PROTOTYPES = YES;
				CLANG_WARN_SUSPICIOUS_MOVE = YES;
				CLANG_WARN_UNGUARDED_AVAILABILITY = YES_AGGRESSIVE;
				CLANG_WARN_UNREACHABLE_CODE = YES;
				CLANG_WARN__DUPLICATE_METHOD_MATCH = YES;
				COPY_PHASE_STRIP = NO;
				DEBUG_INFORMATION_FORMAT = dwarf;
				ENABLE_STRICT_OBJC_MSGSEND = YES;
				ENABLE_TESTABILITY = YES;
				GCC_C_LANGUAGE_STANDARD = gnu11;
				GCC_DYNAMIC_NO_PIC = NO;
				GCC_NO_COMMON_BLOCKS = YES;
				GCC_OPTIMIZATION_LEVEL = 0;
				GCC_PREPROCESSOR_DEFINITIONS = (
					"DEBUG=1",
					"$(inherited)",
				);
				GCC_WARN_64_TO_32_BIT_CONVERSION = YES;
				GCC_WARN_ABOUT_RETURN_TYPE = YES_ERROR;
				GCC_WARN_UNDECLARED_SELECTOR = YES;
				GCC_WARN_UNINITIALIZED_AUTOS = YES_AGGRESSIVE;
				GCC_WARN_UNUSED_FUNCTION = YES;
				GCC_WARN_UNUSED_VARIABLE = YES;
				IPHONEOS_DEPLOYMENT_TARGET = 15.5;
				MTL_ENABLE_DEBUG_INFO = INCLUDE_SOURCE;
				MTL_FAST_MATH = YES;
				ONLY_ACTIVE_ARCH = YES;
				SDKROOT = iphoneos;
				SWIFT_ACTIVE_COMPILATION_CONDITIONS = DEBUG;
				SWIFT_OPTIMIZATION_LEVEL = "-Onone";
			};
			name = Debug;
		};
		1B40A37F2893A6020015E206 /* Release */ = {
			isa = XCBuildConfiguration;
			buildSettings = {
				ALWAYS_SEARCH_USER_PATHS = NO;
				CLANG_ANALYZER_NONNULL = YES;
				CLANG_ANALYZER_NUMBER_OBJECT_CONVERSION = YES_AGGRESSIVE;
				CLANG_CXX_LANGUAGE_STANDARD = "gnu++17";
				CLANG_ENABLE_MODULES = YES;
				CLANG_ENABLE_OBJC_ARC = YES;
				CLANG_ENABLE_OBJC_WEAK = YES;
				CLANG_WARN_BLOCK_CAPTURE_AUTORELEASING = YES;
				CLANG_WARN_BOOL_CONVERSION = YES;
				CLANG_WARN_COMMA = YES;
				CLANG_WARN_CONSTANT_CONVERSION = YES;
				CLANG_WARN_DEPRECATED_OBJC_IMPLEMENTATIONS = YES;
				CLANG_WARN_DIRECT_OBJC_ISA_USAGE = YES_ERROR;
				CLANG_WARN_DOCUMENTATION_COMMENTS = YES;
				CLANG_WARN_EMPTY_BODY = YES;
				CLANG_WARN_ENUM_CONVERSION = YES;
				CLANG_WARN_INFINITE_RECURSION = YES;
				CLANG_WARN_INT_CONVERSION = YES;
				CLANG_WARN_NON_LITERAL_NULL_CONVERSION = YES;
				CLANG_WARN_OBJC_IMPLICIT_RETAIN_SELF = YES;
				CLANG_WARN_OBJC_LITERAL_CONVERSION = YES;
				CLANG_WARN_OBJC_ROOT_CLASS = YES_ERROR;
				CLANG_WARN_QUOTED_INCLUDE_IN_FRAMEWORK_HEADER = YES;
				CLANG_WARN_RANGE_LOOP_ANALYSIS = YES;
				CLANG_WARN_STRICT_PROTOTYPES = YES;
				CLANG_WARN_SUSPICIOUS_MOVE = YES;
				CLANG_WARN_UNGUARDED_AVAILABILITY = YES_AGGRESSIVE;
				CLANG_WARN_UNREACHABLE_CODE = YES;
				CLANG_WARN__DUPLICATE_METHOD_MATCH = YES;
				COPY_PHASE_STRIP = NO;
				DEBUG_INFORMATION_FORMAT = "dwarf-with-dsym";
				ENABLE_NS_ASSERTIONS = NO;
				ENABLE_STRICT_OBJC_MSGSEND = YES;
				GCC_C_LANGUAGE_STANDARD = gnu11;
				GCC_NO_COMMON_BLOCKS = YES;
				GCC_WARN_64_TO_32_BIT_CONVERSION = YES;
				GCC_WARN_ABOUT_RETURN_TYPE = YES_ERROR;
				GCC_WARN_UNDECLARED_SELECTOR = YES;
				GCC_WARN_UNINITIALIZED_AUTOS = YES_AGGRESSIVE;
				GCC_WARN_UNUSED_FUNCTION = YES;
				GCC_WARN_UNUSED_VARIABLE = YES;
				IPHONEOS_DEPLOYMENT_TARGET = 15.5;
				MTL_ENABLE_DEBUG_INFO = NO;
				MTL_FAST_MATH = YES;
				SDKROOT = iphoneos;
				SWIFT_COMPILATION_MODE = wholemodule;
				SWIFT_OPTIMIZATION_LEVEL = "-O";
				VALIDATE_PRODUCT = YES;
			};
			name = Release;
		};
		1B40A3812893A6020015E206 /* Debug */ = {
			isa = XCBuildConfiguration;
			buildSettings = {
				ASSETCATALOG_COMPILER_APPICON_NAME = AppIcon;
				ASSETCATALOG_COMPILER_GLOBAL_ACCENT_COLOR_NAME = AccentColor;
				CODE_SIGN_STYLE = Automatic;
				CURRENT_PROJECT_VERSION = 1;
				DEVELOPMENT_ASSET_PATHS = "\"realtime_chat/Preview Content\"";
				ENABLE_PREVIEWS = YES;
				GENERATE_INFOPLIST_FILE = YES;
				INFOPLIST_KEY_UIApplicationSceneManifest_Generation = YES;
				INFOPLIST_KEY_UIApplicationSupportsIndirectInputEvents = YES;
				INFOPLIST_KEY_UILaunchScreen_Generation = YES;
				INFOPLIST_KEY_UISupportedInterfaceOrientations_iPad = "UIInterfaceOrientationPortrait UIInterfaceOrientationPortraitUpsideDown UIInterfaceOrientationLandscapeLeft UIInterfaceOrientationLandscapeRight";
				INFOPLIST_KEY_UISupportedInterfaceOrientations_iPhone = "UIInterfaceOrientationPortrait UIInterfaceOrientationLandscapeLeft UIInterfaceOrientationLandscapeRight";
				LD_RUNPATH_SEARCH_PATHS = (
					"$(inherited)",
					"@executable_path/Frameworks",
				);
				MARKETING_VERSION = 1.0;
				PRODUCT_BUNDLE_IDENTIFIER = "com.vinhlee.realtime-chat";
				PRODUCT_NAME = "$(TARGET_NAME)";
				SWIFT_EMIT_LOC_STRINGS = YES;
				SWIFT_VERSION = 5.0;
				TARGETED_DEVICE_FAMILY = "1,2";
			};
			name = Debug;
		};
		1B40A3822893A6020015E206 /* Release */ = {
			isa = XCBuildConfiguration;
			buildSettings = {
				ASSETCATALOG_COMPILER_APPICON_NAME = AppIcon;
				ASSETCATALOG_COMPILER_GLOBAL_ACCENT_COLOR_NAME = AccentColor;
				CODE_SIGN_STYLE = Automatic;
				CURRENT_PROJECT_VERSION = 1;
				DEVELOPMENT_ASSET_PATHS = "\"realtime_chat/Preview Content\"";
				ENABLE_PREVIEWS = YES;
				GENERATE_INFOPLIST_FILE = YES;
				INFOPLIST_KEY_UIApplicationSceneManifest_Generation = YES;
				INFOPLIST_KEY_UIApplicationSupportsIndirectInputEvents = YES;
				INFOPLIST_KEY_UILaunchScreen_Generation = YES;
				INFOPLIST_KEY_UISupportedInterfaceOrientations_iPad = "UIInterfaceOrientationPortrait UIInterfaceOrientationPortraitUpsideDown UIInterfaceOrientationLandscapeLeft UIInterfaceOrientationLandscapeRight";
				INFOPLIST_KEY_UISupportedInterfaceOrientations_iPhone = "UIInterfaceOrientationPortrait UIInterfaceOrientationLandscapeLeft UIInterfaceOrientationLandscapeRight";
				LD_RUNPATH_SEARCH_PATHS = (
					"$(inherited)",
					"@executable_path/Frameworks",
				);
				MARKETING_VERSION = 1.0;
				PRODUCT_BUNDLE_IDENTIFIER = "com.vinhlee.realtime-chat";
				PRODUCT_NAME = "$(TARGET_NAME)";
				SWIFT_EMIT_LOC_STRINGS = YES;
				SWIFT_VERSION = 5.0;
				TARGETED_DEVICE_FAMILY = "1,2";
			};
			name = Release;
		};
		1B40A3842893A6020015E206 /* Debug */ = {
			isa = XCBuildConfiguration;
			buildSettings = {
				ALWAYS_EMBED_SWIFT_STANDARD_LIBRARIES = YES;
				BUNDLE_LOADER = "$(TEST_HOST)";
				CODE_SIGN_STYLE = Automatic;
				CURRENT_PROJECT_VERSION = 1;
				GENERATE_INFOPLIST_FILE = YES;
				IPHONEOS_DEPLOYMENT_TARGET = 15.5;
				MARKETING_VERSION = 1.0;
				PRODUCT_BUNDLE_IDENTIFIER = "com.vinhlee.realtime-chatTests";
				PRODUCT_NAME = "$(TARGET_NAME)";
				SWIFT_EMIT_LOC_STRINGS = NO;
				SWIFT_VERSION = 5.0;
				TARGETED_DEVICE_FAMILY = "1,2";
				TEST_HOST = "$(BUILT_PRODUCTS_DIR)/realtime_chat.app/realtime_chat";
			};
			name = Debug;
		};
		1B40A3852893A6020015E206 /* Release */ = {
			isa = XCBuildConfiguration;
			buildSettings = {
				ALWAYS_EMBED_SWIFT_STANDARD_LIBRARIES = YES;
				BUNDLE_LOADER = "$(TEST_HOST)";
				CODE_SIGN_STYLE = Automatic;
				CURRENT_PROJECT_VERSION = 1;
				GENERATE_INFOPLIST_FILE = YES;
				IPHONEOS_DEPLOYMENT_TARGET = 15.5;
				MARKETING_VERSION = 1.0;
				PRODUCT_BUNDLE_IDENTIFIER = "com.vinhlee.realtime-chatTests";
				PRODUCT_NAME = "$(TARGET_NAME)";
				SWIFT_EMIT_LOC_STRINGS = NO;
				SWIFT_VERSION = 5.0;
				TARGETED_DEVICE_FAMILY = "1,2";
				TEST_HOST = "$(BUILT_PRODUCTS_DIR)/realtime_chat.app/realtime_chat";
			};
			name = Release;
		};
		1B40A3872893A6020015E206 /* Debug */ = {
			isa = XCBuildConfiguration;
			buildSettings = {
				ALWAYS_EMBED_SWIFT_STANDARD_LIBRARIES = YES;
				CODE_SIGN_STYLE = Automatic;
				CURRENT_PROJECT_VERSION = 1;
				GENERATE_INFOPLIST_FILE = YES;
				MARKETING_VERSION = 1.0;
				PRODUCT_BUNDLE_IDENTIFIER = "com.vinhlee.realtime-chatUITests";
				PRODUCT_NAME = "$(TARGET_NAME)";
				SWIFT_EMIT_LOC_STRINGS = NO;
				SWIFT_VERSION = 5.0;
				TARGETED_DEVICE_FAMILY = "1,2";
				TEST_TARGET_NAME = realtime_chat;
			};
			name = Debug;
		};
		1B40A3882893A6020015E206 /* Release */ = {
			isa = XCBuildConfiguration;
			buildSettings = {
				ALWAYS_EMBED_SWIFT_STANDARD_LIBRARIES = YES;
				CODE_SIGN_STYLE = Automatic;
				CURRENT_PROJECT_VERSION = 1;
				GENERATE_INFOPLIST_FILE = YES;
				MARKETING_VERSION = 1.0;
				PRODUCT_BUNDLE_IDENTIFIER = "com.vinhlee.realtime-chatUITests";
				PRODUCT_NAME = "$(TARGET_NAME)";
				SWIFT_EMIT_LOC_STRINGS = NO;
				SWIFT_VERSION = 5.0;
				TARGETED_DEVICE_FAMILY = "1,2";
				TEST_TARGET_NAME = realtime_chat;
			};
			name = Release;
		};
/* End XCBuildConfiguration section */

/* Begin XCConfigurationList section */
		1B40A3572893A5FF0015E206 /* Build configuration list for PBXProject "realtime_chat" */ = {
			isa = XCConfigurationList;
			buildConfigurations = (
				1B40A37E2893A6020015E206 /* Debug */,
				1B40A37F2893A6020015E206 /* Release */,
			);
			defaultConfigurationIsVisible = 0;
			defaultConfigurationName = Release;
		};
		1B40A3802893A6020015E206 /* Build configuration list for PBXNativeTarget "realtime_chat" */ = {
			isa = XCConfigurationList;
			buildConfigurations = (
				1B40A3812893A6020015E206 /* Debug */,
				1B40A3822893A6020015E206 /* Release */,
			);
			defaultConfigurationIsVisible = 0;
			defaultConfigurationName = Release;
		};
		1B40A3832893A6020015E206 /* Build configuration list for PBXNativeTarget "realtime_chatTests" */ = {
			isa = XCConfigurationList;
			buildConfigurations = (
				1B40A3842893A6020015E206 /* Debug */,
				1B40A3852893A6020015E206 /* Release */,
			);
			defaultConfigurationIsVisible = 0;
			defaultConfigurationName = Release;
		};
		1B40A3862893A6020015E206 /* Build configuration list for PBXNativeTarget "realtime_chatUITests" */ = {
			isa = XCConfigurationList;
			buildConfigurations = (
				1B40A3872893A6020015E206 /* Debug */,
				1B40A3882893A6020015E206 /* Release */,
			);
			defaultConfigurationIsVisible = 0;
			defaultConfigurationName = Release;
		};
/* End XCConfigurationList section */

/* Begin XCRemoteSwiftPackageReference section */
		1B40A389289520900015E206 /* XCRemoteSwiftPackageReference "firebase-ios-sdk" */ = {
			isa = XCRemoteSwiftPackageReference;
			repositoryURL = "https://github.com/firebase/firebase-ios-sdk";
			requirement = {
				kind = upToNextMajorVersion;
				minimumVersion = 9.0.0;
			};
		};
/* End XCRemoteSwiftPackageReference section */

/* Begin XCSwiftPackageProductDependency section */
		1B40A38A289520900015E206 /* FirebaseAuth */ = {
			isa = XCSwiftPackageProductDependency;
			package = 1B40A389289520900015E206 /* XCRemoteSwiftPackageReference "firebase-ios-sdk" */;
			productName = FirebaseAuth;
		};
		1B40A38C289520900015E206 /* FirebaseStorage */ = {
			isa = XCSwiftPackageProductDependency;
			package = 1B40A389289520900015E206 /* XCRemoteSwiftPackageReference "firebase-ios-sdk" */;
			productName = FirebaseStorage;
		};
/* End XCSwiftPackageProductDependency section */
	};
	rootObject = 1B40A3542893A5FF0015E206 /* Project object */;
}
